
Microsoft Visual Studio Solution File, Format Version 12.00
# Visual Studio Version 16
VisualStudioVersion = 16.0.31105.61
MinimumVisualStudioVersion = 10.0.40219.1
Project("{9A19103F-16F7-4668-BE54-9A1E7A4F7556}") = "Exp001", "Exp001\Exp001.csproj", "{55A8C4FC-537D-43FE-84A0-BAF63CD972DD}"
EndProject
Project("{9A19103F-16F7-4668-BE54-9A1E7A4F7556}") = "M01A02E", "M01A02E\M01A02E.csproj", "{0FECD2B9-0705-42D6-9221-6E61ED1FD73B}"
EndProject
Project("{9A19103F-16F7-4668-BE54-9A1E7A4F7556}") = "M01A02D", "M01A02D\M01A02D.csproj", "{1BC65603-F613-490F-9DC4-8DBCDA2188AA}"
EndProject
Project("{9A19103F-16F7-4668-BE54-9A1E7A4F7556}") = "M01A03", "M01A03\M01A03.csproj", "{C4A9982D-4B3E-4851-B913-2FA3950D01AE}"
EndProject
Project("{9A19103F-16F7-4668-BE54-9A1E7A4F7556}") = "M01A04", "M01A04\M01A04.csproj", "{CE47DEEA-2F1F-41D2-AA06-CF7FEDE148DA}"
EndProject
Project("{9A19103F-16F7-4668-BE54-9A1E7A4F7556}") = "M01A05A", "MO1A05\M01A05A.csproj", "{80EE90F6-C86F-4C5C-81AB-A3474D1C27EA}"
EndProject
Project("{9A19103F-16F7-4668-BE54-9A1E7A4F7556}") = "M01A05B", "M01A05B\M01A05B.csproj", "{325FC57E-CD40-4F09-979B-AEC77F7D5116}"
EndProject
Project("{9A19103F-16F7-4668-BE54-9A1E7A4F7556}") = "M01A06", "M01A06\M01A06.csproj", "{280699FB-8E08-4FE9-A395-CF2ED3D3E798}"
EndProject
Project("{9A19103F-16F7-4668-BE54-9A1E7A4F7556}") = "M01A07", "M01A07\M01A07.csproj", "{A1B563B0-E561-4D6E-9821-72ADE290325F}"
EndProject
Project("{9A19103F-16F7-4668-BE54-9A1E7A4F7556}") = "M01A08A", "M01A08\M01A08A.csproj", "{85F7E480-FF3C-43A0-B408-2EECE3109E68}"
EndProject
Project("{9A19103F-16F7-4668-BE54-9A1E7A4F7556}") = "M01A08B", "M01A08B\M01A08B.csproj", "{D53A2EE9-8D49-48C9-9A23-4A00BD25159D}"
EndProject
Project("{9A19103F-16F7-4668-BE54-9A1E7A4F7556}") = "M01A08C", "M01A09\M01A08C.csproj", "{716DC1AF-FEE3-451E-8D32-73210C04207D}"
EndProject
Project("{9A19103F-16F7-4668-BE54-9A1E7A4F7556}") = "M01A08D", "M01A08D\M01A08D.csproj", "{DFE6551E-9323-4735-BBC0-5842EC41CB73}"
EndProject
Project("{9A19103F-16F7-4668-BE54-9A1E7A4F7556}") = "M01A08E", "M01A08E\M01A08E.csproj", "{F6BCBC34-B2B5-414D-A9ED-4003D57AC9EB}"
EndProject
Project("{9A19103F-16F7-4668-BE54-9A1E7A4F7556}") = "M01A08F", "M01A08F\M01A08F.csproj", "{7C2AF3DC-9F7B-4E3F-A7FF-83C5D4DDB657}"
EndProject
Project("{FAE04EC0-301F-11D3-BF4B-00C04F79EFBC}") = "M01A09", "ConsoleApp1\M01A09.csproj", "{1B814D29-D4AF-4344-A917-29027505ED7A}"
EndProject
Project("{FAE04EC0-301F-11D3-BF4B-00C04F79EFBC}") = "M01A10", "M01A10\M01A10.csproj", "{A8C1E03F-1F8C-4071-9E0A-70EAF6B1DD8E}"
EndProject
Global
	GlobalSection(SolutionConfigurationPlatforms) = preSolution
		Debug|Any CPU = Debug|Any CPU
		Release|Any CPU = Release|Any CPU
	EndGlobalSection
	GlobalSection(ProjectConfigurationPlatforms) = postSolution
		{55A8C4FC-537D-43FE-84A0-BAF63CD972DD}.Debug|Any CPU.ActiveCfg = Debug|Any CPU
		{55A8C4FC-537D-43FE-84A0-BAF63CD972DD}.Debug|Any CPU.Build.0 = Debug|Any CPU
		{55A8C4FC-537D-43FE-84A0-BAF63CD972DD}.Release|Any CPU.ActiveCfg = Release|Any CPU
		{55A8C4FC-537D-43FE-84A0-BAF63CD972DD}.Release|Any CPU.Build.0 = Release|Any CPU
		{0FECD2B9-0705-42D6-9221-6E61ED1FD73B}.Debug|Any CPU.ActiveCfg = Debug|Any CPU
		{0FECD2B9-0705-42D6-9221-6E61ED1FD73B}.Debug|Any CPU.Build.0 = Debug|Any CPU
		{0FECD2B9-0705-42D6-9221-6E61ED1FD73B}.Release|Any CPU.ActiveCfg = Release|Any CPU
		{0FECD2B9-0705-42D6-9221-6E61ED1FD73B}.Release|Any CPU.Build.0 = Release|Any CPU
		{1BC65603-F613-490F-9DC4-8DBCDA2188AA}.Debug|Any CPU.ActiveCfg = Debug|Any CPU
		{1BC65603-F613-490F-9DC4-8DBCDA2188AA}.Debug|Any CPU.Build.0 = Debug|Any CPU
		{1BC65603-F613-490F-9DC4-8DBCDA2188AA}.Release|Any CPU.ActiveCfg = Release|Any CPU
		{1BC65603-F613-490F-9DC4-8DBCDA2188AA}.Release|Any CPU.Build.0 = Release|Any CPU
		{C4A9982D-4B3E-4851-B913-2FA3950D01AE}.Debug|Any CPU.ActiveCfg = Debug|Any CPU
		{C4A9982D-4B3E-4851-B913-2FA3950D01AE}.Debug|Any CPU.Build.0 = Debug|Any CPU
		{C4A9982D-4B3E-4851-B913-2FA3950D01AE}.Release|Any CPU.ActiveCfg = Release|Any CPU
		{C4A9982D-4B3E-4851-B913-2FA3950D01AE}.Release|Any CPU.Build.0 = Release|Any CPU
		{CE47DEEA-2F1F-41D2-AA06-CF7FEDE148DA}.Debug|Any CPU.ActiveCfg = Debug|Any CPU
		{CE47DEEA-2F1F-41D2-AA06-CF7FEDE148DA}.Debug|Any CPU.Build.0 = Debug|Any CPU
		{CE47DEEA-2F1F-41D2-AA06-CF7FEDE148DA}.Release|Any CPU.ActiveCfg = Release|Any CPU
		{CE47DEEA-2F1F-41D2-AA06-CF7FEDE148DA}.Release|Any CPU.Build.0 = Release|Any CPU
		{80EE90F6-C86F-4C5C-81AB-A3474D1C27EA}.Debug|Any CPU.ActiveCfg = Debug|Any CPU
		{80EE90F6-C86F-4C5C-81AB-A3474D1C27EA}.Debug|Any CPU.Build.0 = Debug|Any CPU
		{80EE90F6-C86F-4C5C-81AB-A3474D1C27EA}.Release|Any CPU.ActiveCfg = Release|Any CPU
		{80EE90F6-C86F-4C5C-81AB-A3474D1C27EA}.Release|Any CPU.Build.0 = Release|Any CPU
		{325FC57E-CD40-4F09-979B-AEC77F7D5116}.Debug|Any CPU.ActiveCfg = Debug|Any CPU
		{325FC57E-CD40-4F09-979B-AEC77F7D5116}.Debug|Any CPU.Build.0 = Debug|Any CPU
		{325FC57E-CD40-4F09-979B-AEC77F7D5116}.Release|Any CPU.ActiveCfg = Release|Any CPU
		{325FC57E-CD40-4F09-979B-AEC77F7D5116}.Release|Any CPU.Build.0 = Release|Any CPU
		{280699FB-8E08-4FE9-A395-CF2ED3D3E798}.Debug|Any CPU.ActiveCfg = Debug|Any CPU
		{280699FB-8E08-4FE9-A395-CF2ED3D3E798}.Debug|Any CPU.Build.0 = Debug|Any CPU
		{280699FB-8E08-4FE9-A395-CF2ED3D3E798}.Release|Any CPU.ActiveCfg = Release|Any CPU
		{280699FB-8E08-4FE9-A395-CF2ED3D3E798}.Release|Any CPU.Build.0 = Release|Any CPU
		{A1B563B0-E561-4D6E-9821-72ADE290325F}.Debug|Any CPU.ActiveCfg = Debug|Any CPU
		{A1B563B0-E561-4D6E-9821-72ADE290325F}.Debug|Any CPU.Build.0 = Debug|Any CPU
		{A1B563B0-E561-4D6E-9821-72ADE290325F}.Release|Any CPU.ActiveCfg = Release|Any CPU
		{A1B563B0-E561-4D6E-9821-72ADE290325F}.Release|Any CPU.Build.0 = Release|Any CPU
		{85F7E480-FF3C-43A0-B408-2EECE3109E68}.Debug|Any CPU.ActiveCfg = Debug|Any CPU
		{85F7E480-FF3C-43A0-B408-2EECE3109E68}.Debug|Any CPU.Build.0 = Debug|Any CPU
		{85F7E480-FF3C-43A0-B408-2EECE3109E68}.Release|Any CPU.ActiveCfg = Release|Any CPU
		{85F7E480-FF3C-43A0-B408-2EECE3109E68}.Release|Any CPU.Build.0 = Release|Any CPU
		{D53A2EE9-8D49-48C9-9A23-4A00BD25159D}.Debug|Any CPU.ActiveCfg = Debug|Any CPU
		{D53A2EE9-8D49-48C9-9A23-4A00BD25159D}.Debug|Any CPU.Build.0 = Debug|Any CPU
		{D53A2EE9-8D49-48C9-9A23-4A00BD25159D}.Release|Any CPU.ActiveCfg = Release|Any CPU
		{D53A2EE9-8D49-48C9-9A23-4A00BD25159D}.Release|Any CPU.Build.0 = Release|Any CPU
		{716DC1AF-FEE3-451E-8D32-73210C04207D}.Debug|Any CPU.ActiveCfg = Debug|Any CPU
		{716DC1AF-FEE3-451E-8D32-73210C04207D}.Debug|Any CPU.Build.0 = Debug|Any CPU
		{716DC1AF-FEE3-451E-8D32-73210C04207D}.Release|Any CPU.ActiveCfg = Release|Any CPU
		{716DC1AF-FEE3-451E-8D32-73210C04207D}.Release|Any CPU.Build.0 = Release|Any CPU
		{DFE6551E-9323-4735-BBC0-5842EC41CB73}.Debug|Any CPU.ActiveCfg = Debug|Any CPU
		{DFE6551E-9323-4735-BBC0-5842EC41CB73}.Debug|Any CPU.Build.0 = Debug|Any CPU
		{DFE6551E-9323-4735-BBC0-5842EC41CB73}.Release|Any CPU.ActiveCfg = Release|Any CPU
		{DFE6551E-9323-4735-BBC0-5842EC41CB73}.Release|Any CPU.Build.0 = Release|Any CPU
		{F6BCBC34-B2B5-414D-A9ED-4003D57AC9EB}.Debug|Any CPU.ActiveCfg = Debug|Any CPU
		{F6BCBC34-B2B5-414D-A9ED-4003D57AC9EB}.Debug|Any CPU.Build.0 = Debug|Any CPU
		{F6BCBC34-B2B5-414D-A9ED-4003D57AC9EB}.Release|Any CPU.ActiveCfg = Release|Any CPU
		{F6BCBC34-B2B5-414D-A9ED-4003D57AC9EB}.Release|Any CPU.Build.0 = Release|Any CPU
		{7C2AF3DC-9F7B-4E3F-A7FF-83C5D4DDB657}.Debug|Any CPU.ActiveCfg = Debug|Any CPU
		{7C2AF3DC-9F7B-4E3F-A7FF-83C5D4DDB657}.Debug|Any CPU.Build.0 = Debug|Any CPU
		{7C2AF3DC-9F7B-4E3F-A7FF-83C5D4DDB657}.Release|Any CPU.ActiveCfg = Release|Any CPU
		{7C2AF3DC-9F7B-4E3F-A7FF-83C5D4DDB657}.Release|Any CPU.Build.0 = Release|Any CPU
		{1B814D29-D4AF-4344-A917-29027505ED7A}.Debug|Any CPU.ActiveCfg = Debug|Any CPU
		{1B814D29-D4AF-4344-A917-29027505ED7A}.Debug|Any CPU.Build.0 = Debug|Any CPU
		{1B814D29-D4AF-4344-A917-29027505ED7A}.Release|Any CPU.ActiveCfg = Release|Any CPU
		{1B814D29-D4AF-4344-A917-29027505ED7A}.Release|Any CPU.Build.0 = Release|Any CPU
		{A8C1E03F-1F8C-4071-9E0A-70EAF6B1DD8E}.Debug|Any CPU.ActiveCfg = Debug|Any CPU
		{A8C1E03F-1F8C-4071-9E0A-70EAF6B1DD8E}.Debug|Any CPU.Build.0 = Debug|Any CPU
		{A8C1E03F-1F8C-4071-9E0A-70EAF6B1DD8E}.Release|Any CPU.ActiveCfg = Release|Any CPU
		{A8C1E03F-1F8C-4071-9E0A-70EAF6B1DD8E}.Release|Any CPU.Build.0 = Release|Any CPU
	EndGlobalSection
	GlobalSection(SolutionProperties) = preSolution
		HideSolutionNode = FALSE
	EndGlobalSection
	GlobalSection(ExtensibilityGlobals) = postSolution
		SolutionGuid = {236EAC15-7F9B-4562-AB45-6970AB1B1647}
	EndGlobalSection
EndGlobal
